
Microsoft Visual Studio Solution File, Format Version 12.00
# Visual Studio Version 16
VisualStudioVersion = 16.0.30907.101
MinimumVisualStudioVersion = 10.0.40219.1
Project("{FAE04EC0-301F-11D3-BF4B-00C04F79EFBC}") = "ElevatorControlApi.Lib", "ElevatorControlApi.Lib\ElevatorControlApi.Lib.csproj", "{E8B0A09D-505A-4159-9C6A-7411B5D4F65D}"
EndProject
Project("{FAE04EC0-301F-11D3-BF4B-00C04F79EFBC}") = "UnitTests", "UnitTests\UnitTests.csproj", "{BB684C6F-1D4F-4AE4-80D2-A9186B85B1A8}"
EndProject
Global
	GlobalSection(SolutionConfigurationPlatforms) = preSolution
		Debug|Any CPU = Debug|Any CPU
		Release|Any CPU = Release|Any CPU
	EndGlobalSection
	GlobalSection(ProjectConfigurationPlatforms) = postSolution
		{E8B0A09D-505A-4159-9C6A-7411B5D4F65D}.Debug|Any CPU.ActiveCfg = Debug|Any CPU
		{E8B0A09D-505A-4159-9C6A-7411B5D4F65D}.Debug|Any CPU.Build.0 = Debug|Any CPU
		{E8B0A09D-505A-4159-9C6A-7411B5D4F65D}.Release|Any CPU.ActiveCfg = Release|Any CPU
		{E8B0A09D-505A-4159-9C6A-7411B5D4F65D}.Release|Any CPU.Build.0 = Release|Any CPU
		{BB684C6F-1D4F-4AE4-80D2-A9186B85B1A8}.Debug|Any CPU.ActiveCfg = Debug|Any CPU
		{BB684C6F-1D4F-4AE4-80D2-A9186B85B1A8}.Debug|Any CPU.Build.0 = Debug|Any CPU
		{BB684C6F-1D4F-4AE4-80D2-A9186B85B1A8}.Release|Any CPU.ActiveCfg = Release|Any CPU
		{BB684C6F-1D4F-4AE4-80D2-A9186B85B1A8}.Release|Any CPU.Build.0 = Release|Any CPU
	EndGlobalSection
	GlobalSection(SolutionProperties) = preSolution
		HideSolutionNode = FALSE
	EndGlobalSection
	GlobalSection(ExtensibilityGlobals) = postSolution
		SolutionGuid = {DC975EC2-BC97-4BE4-AA92-13B38FFD9C41}
	EndGlobalSection
EndGlobal
